<?xml version="1.0" encoding="utf-8"?>
<Project ToolsVersion="4.0" xmlns="http://schemas.microsoft.com/developer/msbuild/2003">
  <ItemGroup>
    <Filter Include="Source Files">
      <UniqueIdentifier>{4FC737F1-C7A5-4376-A066-2A32D752A2FF}</UniqueIdentifier>
      <Extensions>cpp;c;cc;cxx;def;odl;idl;hpj;bat;asm;asmx</Extensions>
    </Filter>
    <Filter Include="Header Files">
      <UniqueIdentifier>{93995380-89BD-4b04-88EB-625FBE52EBFB}</UniqueIdentifier>
      <Extensions>h;hpp;hxx;hm;inl;inc;xsd</Extensions>
    </Filter>
    <Filter Include="Resource Files">
      <UniqueIdentifier>{67DA6AB6-F800-4c08-8B7A-83BB121AAD01}</UniqueIdentifier>
      <Extensions>rc;ico;cur;bmp;dlg;rc2;rct;bin;rgs;gif;jpg;jpeg;jpe;resx;tiff;tif;png;wav;mfcribbon-ms</Extensions>
    </Filter>
  </ItemGroup>
  <ItemGroup>
    <ClCompile Include="main.cpp">
      <Filter>Source Files</Filter>
    </ClCompile>
    <ClCompile Include="NonLinearEoM.cpp">
      <Filter>Source Files</Filter>
    </ClCompile>
    <ClCompile Include="RungeKuttaIntegrator.cpp">
      <Filter>Source Files</Filter>
    </ClCompile>
    <ClCompile Include="Director.cpp">
      <Filter>Source Files</Filter>
    </ClCompile>
    <ClCompile Include="FileStreamHandler.cpp">
      <Filter>Source Files</Filter>
    </ClCompile>
    <ClCompile Include="SpringDamperBuilder.cpp">
      <Filter>Source Files</Filter>
    </ClCompile>
    <ClCompile Include="SpringDamperNonLinearEoM.cpp">
      <Filter>Source Files</Filter>
    </ClCompile>
    <ClCompile Include="AircraftSimulator.cpp">
      <Filter>Source Files</Filter>
    </ClCompile>
    <ClCompile Include="BaseSimulator.cpp">
      <Filter>Source Files</Filter>
    </ClCompile>
    <ClCompile Include="AircraftFactory.cpp">
      <Filter>Source Files</Filter>
    </ClCompile>
    <ClCompile Include="AircraftSimulatorInputFile.cpp">
      <Filter>Source Files</Filter>
    </ClCompile>
    <ClCompile Include="AircraftSimulationBuilder.cpp">
      <Filter>Source Files</Filter>
    </ClCompile>
  </ItemGroup>
  <ItemGroup>
    <ClInclude Include="IAircraft.h">
      <Filter>Header Files</Filter>
    </ClInclude>
    <ClInclude Include="IEoM.h">
      <Filter>Header Files</Filter>
    </ClInclude>
    <ClInclude Include="IIntegrator.h">
      <Filter>Header Files</Filter>
    </ClInclude>
    <ClInclude Include="IStateResultHandler.h">
      <Filter>Header Files</Filter>
    </ClInclude>
    <ClInclude Include="ISimulatorBuilder.h">
      <Filter>Header Files</Filter>
    </ClInclude>
    <ClInclude Include="Director.h">
      <Filter>Header Files</Filter>
    </ClInclude>
    <ClInclude Include="SpringDamperBuilder.h">
      <Filter>Header Files</Filter>
    </ClInclude>
    <ClInclude Include="RungeKuttaIntegrator.h">
      <Filter>Header Files</Filter>
    </ClInclude>
    <ClInclude Include="FileStreamHandler.h">
      <Filter>Header Files</Filter>
    </ClInclude>
    <ClInclude Include="NonLinearEoM.h">
      <Filter>Header Files</Filter>
    </ClInclude>
    <ClInclude Include="Aircraft747100Data.h">
      <Filter>Header Files</Filter>
    </ClInclude>
    <ClInclude Include="SpringDamperNonLinearEoM.h">
      <Filter>Header Files</Filter>
    </ClInclude>
    <ClInclude Include="ScheduleInput.h">
      <Filter>Header Files</Filter>
    </ClInclude>
    <ClInclude Include="ISpringDamperDataRepository.h">
      <Filter>Header Files</Filter>
    </ClInclude>
    <ClInclude Include="StandardSpringDamperData.h">
      <Filter>Header Files</Filter>
    </ClInclude>
    <ClInclude Include="AircraftSimulator.h">
      <Filter>Header Files</Filter>
    </ClInclude>
    <ClInclude Include="AircraftConstants.h">
      <Filter>Header Files</Filter>
    </ClInclude>
    <ClInclude Include="BaseSimulator.h">
      <Filter>Header Files</Filter>
    </ClInclude>
    <ClInclude Include="AircraftFactory.h">
      <Filter>Header Files</Filter>
    </ClInclude>
    <ClInclude Include="VSTrace.h">
      <Filter>Header Files</Filter>
    </ClInclude>
    <ClInclude Include="IAircraftSimulatorInput.h">
      <Filter>Header Files</Filter>
    </ClInclude>
    <ClInclude Include="AircraftSimulatorInputFile.h">
      <Filter>Header Files</Filter>
    </ClInclude>
    <ClInclude Include="AircraftSimulationBuilder.h">
      <Filter>Header Files</Filter>
    </ClInclude>
    <ClInclude Include="AircraftNavionData.h">
      <Filter>Header Files</Filter>
    </ClInclude>
  </ItemGroup>
</Project>